{
  "object": {
    "pins": [
      {
        "package": "CSV.swift",
        "repositoryURL": "https://github.com/yaslab/CSV.swift.git",
        "state": {
          "branch": null,
          "revision": "81d2874c51db364d7e1d71b0d99018a294c87ac1",
          "version": "2.4.3"
        }
      },
      {
        "package": "SwiftUIX",
        "repositoryURL": "https://github.com/SwiftUIX/SwiftUIX",
        "state": {
          "branch": "master",
          "revision": "4272a79abb0e382297daf7afcf27b07b0e629945",
          "version": null
        }
      }
    ]
  },
  "version": 1
}
